
Microsoft Visual Studio Solution File, Format Version 12.00
# Visual Studio Version 17
VisualStudioVersion = 17.4.33213.308
MinimumVisualStudioVersion = 10.0.40219.1
Project("{9A19103F-16F7-4668-BE54-9A1E7A4F7556}") = "Gymnastikforening", "Gymnastikforening\Gymnastikforening.csproj", "{92AC3005-3334-46EB-8349-239086297EF7}"
EndProject
Global
	GlobalSection(SolutionConfigurationPlatforms) = preSolution
		Debug|Any CPU = Debug|Any CPU
		Release|Any CPU = Release|Any CPU
	EndGlobalSection
	GlobalSection(ProjectConfigurationPlatforms) = postSolution
		{92AC3005-3334-46EB-8349-239086297EF7}.Debug|Any CPU.ActiveCfg = Debug|Any CPU
		{92AC3005-3334-46EB-8349-239086297EF7}.Debug|Any CPU.Build.0 = Debug|Any CPU
		{92AC3005-3334-46EB-8349-239086297EF7}.Release|Any CPU.ActiveCfg = Release|Any CPU
		{92AC3005-3334-46EB-8349-239086297EF7}.Release|Any CPU.Build.0 = Release|Any CPU
	EndGlobalSection
	GlobalSection(SolutionProperties) = preSolution
		HideSolutionNode = FALSE
	EndGlobalSection
	GlobalSection(ExtensibilityGlobals) = postSolution
		SolutionGuid = {404E0215-3983-48B1-A86D-246323D648D8}
	EndGlobalSection
EndGlobal
